
Microsoft Visual Studio Solution File, Format Version 12.00
# Visual Studio 15
VisualStudioVersion = 15.0.27703.2042
MinimumVisualStudioVersion = 10.0.40219.1
Project("{9A19103F-16F7-4668-BE54-9A1E7A4F7556}") = "TestConnOpen", "TestConnOpen\TestConnOpen.csproj", "{08D0974C-70B1-4E8C-92CC-5F8CFF3FE22E}"
EndProject
Global
	GlobalSection(SolutionConfigurationPlatforms) = preSolution
		Debug|Any CPU = Debug|Any CPU
		Release|Any CPU = Release|Any CPU
	EndGlobalSection
	GlobalSection(ProjectConfigurationPlatforms) = postSolution
		{08D0974C-70B1-4E8C-92CC-5F8CFF3FE22E}.Debug|Any CPU.ActiveCfg = Debug|Any CPU
		{08D0974C-70B1-4E8C-92CC-5F8CFF3FE22E}.Debug|Any CPU.Build.0 = Debug|Any CPU
		{08D0974C-70B1-4E8C-92CC-5F8CFF3FE22E}.Release|Any CPU.ActiveCfg = Release|Any CPU
		{08D0974C-70B1-4E8C-92CC-5F8CFF3FE22E}.Release|Any CPU.Build.0 = Release|Any CPU
	EndGlobalSection
	GlobalSection(SolutionProperties) = preSolution
		HideSolutionNode = FALSE
	EndGlobalSection
	GlobalSection(ExtensibilityGlobals) = postSolution
		SolutionGuid = {A8C672FC-0DC9-4F1A-8130-76D6493084D2}
	EndGlobalSection
EndGlobal
